
Microsoft Visual Studio Solution File, Format Version 12.00
# Visual Studio Version 17
VisualStudioVersion = 17.11.35222.181
MinimumVisualStudioVersion = 10.0.40219.1
Project("{FAE04EC0-301F-11D3-BF4B-00C04F79EFBC}") = "IFoxSQLiteCodes", "IFoxSQLiteCodes.csproj", "{87E2B4B9-42AD-48F2-9C42-CAC6E11A83D1}"
EndProject
Global
	GlobalSection(SolutionConfigurationPlatforms) = preSolution
		Debug|Any CPU = Debug|Any CPU
		Release|Any CPU = Release|Any CPU
	EndGlobalSection
	GlobalSection(ProjectConfigurationPlatforms) = postSolution
		{87E2B4B9-42AD-48F2-9C42-CAC6E11A83D1}.Debug|Any CPU.ActiveCfg = Debug|Any CPU
		{87E2B4B9-42AD-48F2-9C42-CAC6E11A83D1}.Debug|Any CPU.Build.0 = Debug|Any CPU
		{87E2B4B9-42AD-48F2-9C42-CAC6E11A83D1}.Release|Any CPU.ActiveCfg = Release|Any CPU
		{87E2B4B9-42AD-48F2-9C42-CAC6E11A83D1}.Release|Any CPU.Build.0 = Release|Any CPU
	EndGlobalSection
	GlobalSection(SolutionProperties) = preSolution
		HideSolutionNode = FALSE
	EndGlobalSection
	GlobalSection(ExtensibilityGlobals) = postSolution
		SolutionGuid = {CF905C31-09FE-4630-86A4-5E9863CAFDF5}
	EndGlobalSection
EndGlobal
