
Microsoft Visual Studio Solution File, Format Version 12.00
# Visual Studio Version 17
VisualStudioVersion = 17.11.35222.181
MinimumVisualStudioVersion = 10.0.40219.1
Project("{9A19103F-16F7-4668-BE54-9A1E7A4F7556}") = "IFoxDYPD3", "IFoxDYPD3.csproj", "{BCF2703C-6F16-4114-A917-105C2F0C6518}"
EndProject
Project("{FAE04EC0-301F-11D3-BF4B-00C04F79EFBC}") = "IFoxSQLiteCodes", "..\IFoxSQLiteCodes\IFoxSQLiteCodes.csproj", "{87E2B4B9-42AD-48F2-9C42-CAC6E11A83D1}"
EndProject
Global
	GlobalSection(SolutionConfigurationPlatforms) = preSolution
		Debug|Any CPU = Debug|Any CPU
		Release|Any CPU = Release|Any CPU
	EndGlobalSection
	GlobalSection(ProjectConfigurationPlatforms) = postSolution
		{BCF2703C-6F16-4114-A917-105C2F0C6518}.Debug|Any CPU.ActiveCfg = Debug|Any CPU
		{BCF2703C-6F16-4114-A917-105C2F0C6518}.Debug|Any CPU.Build.0 = Debug|Any CPU
		{BCF2703C-6F16-4114-A917-105C2F0C6518}.Release|Any CPU.ActiveCfg = Release|Any CPU
		{BCF2703C-6F16-4114-A917-105C2F0C6518}.Release|Any CPU.Build.0 = Release|Any CPU
		{87E2B4B9-42AD-48F2-9C42-CAC6E11A83D1}.Debug|Any CPU.ActiveCfg = Debug|Any CPU
		{87E2B4B9-42AD-48F2-9C42-CAC6E11A83D1}.Debug|Any CPU.Build.0 = Debug|Any CPU
		{87E2B4B9-42AD-48F2-9C42-CAC6E11A83D1}.Release|Any CPU.ActiveCfg = Release|Any CPU
		{87E2B4B9-42AD-48F2-9C42-CAC6E11A83D1}.Release|Any CPU.Build.0 = Release|Any CPU
	EndGlobalSection
	GlobalSection(SolutionProperties) = preSolution
		HideSolutionNode = FALSE
	EndGlobalSection
	GlobalSection(ExtensibilityGlobals) = postSolution
		SolutionGuid = {D4DB857E-552A-4FA7-AFA5-AE75DE124276}
	EndGlobalSection
EndGlobal
